
Microsoft Visual Studio Solution File, Format Version 12.00
# Visual Studio Version 17
VisualStudioVersion = 17.9.34714.143
MinimumVisualStudioVersion = 10.0.40219.1
Project("{FAE04EC0-301F-11D3-BF4B-00C04F79EFBC}") = "Prueba_Aq_Colombia", "Prueba_Aq_Colombia\Prueba_Aq_Colombia.csproj", "{66508C57-B459-4C75-83CE-42E4245844EE}"
EndProject
Global
	GlobalSection(SolutionConfigurationPlatforms) = preSolution
		Debug|Any CPU = Debug|Any CPU
		Release|Any CPU = Release|Any CPU
	EndGlobalSection
	GlobalSection(ProjectConfigurationPlatforms) = postSolution
		{66508C57-B459-4C75-83CE-42E4245844EE}.Debug|Any CPU.ActiveCfg = Debug|Any CPU
		{66508C57-B459-4C75-83CE-42E4245844EE}.Debug|Any CPU.Build.0 = Debug|Any CPU
		{66508C57-B459-4C75-83CE-42E4245844EE}.Debug|Any CPU.Deploy.0 = Debug|Any CPU
		{66508C57-B459-4C75-83CE-42E4245844EE}.Release|Any CPU.ActiveCfg = Release|Any CPU
		{66508C57-B459-4C75-83CE-42E4245844EE}.Release|Any CPU.Build.0 = Release|Any CPU
		{66508C57-B459-4C75-83CE-42E4245844EE}.Release|Any CPU.Deploy.0 = Release|Any CPU
	EndGlobalSection
	GlobalSection(SolutionProperties) = preSolution
		HideSolutionNode = FALSE
	EndGlobalSection
	GlobalSection(ExtensibilityGlobals) = postSolution
		SolutionGuid = {84316798-2D28-42D5-A013-A7555FBA0E88}
	EndGlobalSection
EndGlobal
